
Microsoft Visual Studio Solution File, Format Version 12.00
# Visual Studio Version 16
VisualStudioVersion = 16.0.30114.105
MinimumVisualStudioVersion = 10.0.40219.1
Project("{FAE04EC0-301F-11D3-BF4B-00C04F79EFBC}") = "HellowWorld", "00_HelloWorld\HellowWorld.csproj", "{A5FAF35D-2133-4A9C-BD4B-504E0E293672}"
EndProject
Project("{FAE04EC0-301F-11D3-BF4B-00C04F79EFBC}") = "Variables", "01_Variables\Variables.csproj", "{D62A4F8D-8707-4226-846B-43B1491AEB4F}"
EndProject
Project("{FAE04EC0-301F-11D3-BF4B-00C04F79EFBC}") = "02_Types", "02_Types\02_Types.csproj", "{F6899511-B446-4FAB-91B5-1F21A02D34FD}"
EndProject
Project("{FAE04EC0-301F-11D3-BF4B-00C04F79EFBC}") = "Operators", "03_Operators\Operators.csproj", "{F6D7AC05-9CD0-4C16-80D8-C5DC13D4324E}"
EndProject
Project("{FAE04EC0-301F-11D3-BF4B-00C04F79EFBC}") = "Strings", "04_Strings\Strings.csproj", "{81C78339-9FA1-45F6-8C1E-429A2EA1A569}"
EndProject
Project("{FAE04EC0-301F-11D3-BF4B-00C04F79EFBC}") = "TypesChallenges", "02_Types_Challenges\TypesChallenges.csproj", "{05BD0E6E-02D8-42D7-A5E1-375DCACDB6F7}"
EndProject
Project("{2150E333-8FDC-42A3-9474-1A3956D46DE8}") = "06_Conditionals", "06_Conditionals", "{456D1540-0F35-4F56-BBB0-9242D2BD5EAC}"
EndProject
Project("{FAE04EC0-301F-11D3-BF4B-00C04F79EFBC}") = "IfStatements", "06_Conditionals\IfStatements\IfStatements.csproj", "{F8E078DC-CD15-44C7-8F16-F486C188BE74}"
EndProject
Global
	GlobalSection(SolutionConfigurationPlatforms) = preSolution
		Debug|Any CPU = Debug|Any CPU
		Release|Any CPU = Release|Any CPU
	EndGlobalSection
	GlobalSection(SolutionProperties) = preSolution
		HideSolutionNode = FALSE
	EndGlobalSection
	GlobalSection(ProjectConfigurationPlatforms) = postSolution
		{A5FAF35D-2133-4A9C-BD4B-504E0E293672}.Debug|Any CPU.ActiveCfg = Debug|Any CPU
		{A5FAF35D-2133-4A9C-BD4B-504E0E293672}.Debug|Any CPU.Build.0 = Debug|Any CPU
		{A5FAF35D-2133-4A9C-BD4B-504E0E293672}.Release|Any CPU.ActiveCfg = Release|Any CPU
		{A5FAF35D-2133-4A9C-BD4B-504E0E293672}.Release|Any CPU.Build.0 = Release|Any CPU
		{D62A4F8D-8707-4226-846B-43B1491AEB4F}.Debug|Any CPU.ActiveCfg = Debug|Any CPU
		{D62A4F8D-8707-4226-846B-43B1491AEB4F}.Debug|Any CPU.Build.0 = Debug|Any CPU
		{D62A4F8D-8707-4226-846B-43B1491AEB4F}.Release|Any CPU.ActiveCfg = Release|Any CPU
		{D62A4F8D-8707-4226-846B-43B1491AEB4F}.Release|Any CPU.Build.0 = Release|Any CPU
		{F6899511-B446-4FAB-91B5-1F21A02D34FD}.Debug|Any CPU.ActiveCfg = Debug|Any CPU
		{F6899511-B446-4FAB-91B5-1F21A02D34FD}.Debug|Any CPU.Build.0 = Debug|Any CPU
		{F6899511-B446-4FAB-91B5-1F21A02D34FD}.Release|Any CPU.ActiveCfg = Release|Any CPU
		{F6899511-B446-4FAB-91B5-1F21A02D34FD}.Release|Any CPU.Build.0 = Release|Any CPU
		{F6D7AC05-9CD0-4C16-80D8-C5DC13D4324E}.Debug|Any CPU.ActiveCfg = Debug|Any CPU
		{F6D7AC05-9CD0-4C16-80D8-C5DC13D4324E}.Debug|Any CPU.Build.0 = Debug|Any CPU
		{F6D7AC05-9CD0-4C16-80D8-C5DC13D4324E}.Release|Any CPU.ActiveCfg = Release|Any CPU
		{F6D7AC05-9CD0-4C16-80D8-C5DC13D4324E}.Release|Any CPU.Build.0 = Release|Any CPU
		{81C78339-9FA1-45F6-8C1E-429A2EA1A569}.Debug|Any CPU.ActiveCfg = Debug|Any CPU
		{81C78339-9FA1-45F6-8C1E-429A2EA1A569}.Debug|Any CPU.Build.0 = Debug|Any CPU
		{81C78339-9FA1-45F6-8C1E-429A2EA1A569}.Release|Any CPU.ActiveCfg = Release|Any CPU
		{81C78339-9FA1-45F6-8C1E-429A2EA1A569}.Release|Any CPU.Build.0 = Release|Any CPU
		{05BD0E6E-02D8-42D7-A5E1-375DCACDB6F7}.Debug|Any CPU.ActiveCfg = Debug|Any CPU
		{05BD0E6E-02D8-42D7-A5E1-375DCACDB6F7}.Debug|Any CPU.Build.0 = Debug|Any CPU
		{05BD0E6E-02D8-42D7-A5E1-375DCACDB6F7}.Release|Any CPU.ActiveCfg = Release|Any CPU
		{05BD0E6E-02D8-42D7-A5E1-375DCACDB6F7}.Release|Any CPU.Build.0 = Release|Any CPU
		{F8E078DC-CD15-44C7-8F16-F486C188BE74}.Debug|Any CPU.ActiveCfg = Debug|Any CPU
		{F8E078DC-CD15-44C7-8F16-F486C188BE74}.Debug|Any CPU.Build.0 = Debug|Any CPU
		{F8E078DC-CD15-44C7-8F16-F486C188BE74}.Release|Any CPU.ActiveCfg = Release|Any CPU
		{F8E078DC-CD15-44C7-8F16-F486C188BE74}.Release|Any CPU.Build.0 = Release|Any CPU
	EndGlobalSection
	GlobalSection(NestedProjects) = preSolution
		{F8E078DC-CD15-44C7-8F16-F486C188BE74} = {456D1540-0F35-4F56-BBB0-9242D2BD5EAC}
	EndGlobalSection
EndGlobal
